
Microsoft Visual Studio Solution File, Format Version 12.00
# Visual Studio Version 17
VisualStudioVersion = 17.10.35013.160
MinimumVisualStudioVersion = 10.0.40219.1
Project("{FAE04EC0-301F-11D3-BF4B-00C04F79EFBC}") = "KavisProxy.Core", "KavisProxy.Core\KavisProxy.Core.csproj", "{AE0F6609-9334-4C3B-B3C9-4D329DE5BF9E}"
EndProject
Project("{FAE04EC0-301F-11D3-BF4B-00C04F79EFBC}") = "KavisProxy.CLI", "KavisProxy.CLI\KavisProxy.CLI.csproj", "{4339DF89-9ECA-4A98-8CB4-C3C1A2424169}"
EndProject
Global
	GlobalSection(SolutionConfigurationPlatforms) = preSolution
		Debug|Any CPU = Debug|Any CPU
		Release|Any CPU = Release|Any CPU
	EndGlobalSection
	GlobalSection(ProjectConfigurationPlatforms) = postSolution
		{AE0F6609-9334-4C3B-B3C9-4D329DE5BF9E}.Debug|Any CPU.ActiveCfg = Debug|Any CPU
		{AE0F6609-9334-4C3B-B3C9-4D329DE5BF9E}.Debug|Any CPU.Build.0 = Debug|Any CPU
		{AE0F6609-9334-4C3B-B3C9-4D329DE5BF9E}.Release|Any CPU.ActiveCfg = Release|Any CPU
		{AE0F6609-9334-4C3B-B3C9-4D329DE5BF9E}.Release|Any CPU.Build.0 = Release|Any CPU
		{4339DF89-9ECA-4A98-8CB4-C3C1A2424169}.Debug|Any CPU.ActiveCfg = Debug|Any CPU
		{4339DF89-9ECA-4A98-8CB4-C3C1A2424169}.Debug|Any CPU.Build.0 = Debug|Any CPU
		{4339DF89-9ECA-4A98-8CB4-C3C1A2424169}.Release|Any CPU.ActiveCfg = Release|Any CPU
		{4339DF89-9ECA-4A98-8CB4-C3C1A2424169}.Release|Any CPU.Build.0 = Release|Any CPU
	EndGlobalSection
	GlobalSection(SolutionProperties) = preSolution
		HideSolutionNode = FALSE
	EndGlobalSection
	GlobalSection(ExtensibilityGlobals) = postSolution
		SolutionGuid = {CE4312CE-7A25-4FC9-A795-448E4A0C0B86}
	EndGlobalSection
EndGlobal
